{
    "_readme": [
        "This file locks the dependencies of your project to a known state",
        "Read more about it at https://getcomposer.org/doc/01-basic-usage.md#composer-lock-the-lock-file",
        "This file is @generated automatically"
    ],
    "content-hash": "35c4af26bf353f2f636dfdcaef8a06f6",
    "packages": [
        {
            "name": "learnosity/learnosity-sdk-php",
            "version": "dev-master",
            "source": {
                "type": "git",
                "url": "https://github.com/Learnosity/learnosity-sdk-php.git",
                "reference": "b24783c9d997b4495b3a48e33b69a81965f01847"
            },
            "dist": {
                "type": "zip",
                "url": "https://api.github.com/repos/Learnosity/learnosity-sdk-php/zipball/b24783c9d997b4495b3a48e33b69a81965f01847",
                "reference": "b24783c9d997b4495b3a48e33b69a81965f01847",
                "shasum": ""
            },
            "require": {
                "paragonie/random_compat": "^2.0",
                "php": ">=5.5.0"
            },
            "require-dev": {
                "phpunit/phpunit": "^4.8"
            },
            "type": "library",
            "autoload": {
                "psr-0": {
                    "LearnositySdk\\": [
                        "src/",
                        "src/tests/"
                    ]
                }
            },
            "notification-url": "https://packagist.org/downloads/",
            "license": [
                "Apache-2.0"
            ],
            "description": "Include this package into your own codebase to ease integration with any of the Learnosity APIs",
            "homepage": "https://github.com/Learnosity/learnosity-sdk-php",
            "keywords": [
                "learnosity",
                "sdk"
            ],
            "time": "2017-11-01T03:44:19+00:00"
        },
        {
            "name": "paragonie/random_compat",
            "version": "v2.0.11",
            "source": {
                "type": "git",
                "url": "https://github.com/paragonie/random_compat.git",
                "reference": "5da4d3c796c275c55f057af5a643ae297d96b4d8"
            },
            "dist": {
                "type": "zip",
                "url": "https://api.github.com/repos/paragonie/random_compat/zipball/5da4d3c796c275c55f057af5a643ae297d96b4d8",
                "reference": "5da4d3c796c275c55f057af5a643ae297d96b4d8",
                "shasum": ""
            },
            "require": {
                "php": ">=5.2.0"
            },
            "require-dev": {
                "phpunit/phpunit": "4.*|5.*"
            },
            "suggest": {
                "ext-libsodium": "Provides a modern crypto API that can be used to generate random bytes."
            },
            "type": "library",
            "autoload": {
                "files": [
                    "lib/random.php"
                ]
            },
            "notification-url": "https://packagist.org/downloads/",
            "license": [
                "MIT"
            ],
            "authors": [
                {
                    "name": "Paragon Initiative Enterprises",
                    "email": "security@paragonie.com",
                    "homepage": "https://paragonie.com"
                }
            ],
            "description": "PHP 5.x polyfill for random_bytes() and random_int() from PHP 7",
            "keywords": [
                "csprng",
                "pseudorandom",
                "random"
            ],
            "time": "2017-09-27T21:40:39+00:00"
        }
    ],
    "packages-dev": [],
    "aliases": [],
    "minimum-stability": "stable",
    "stability-flags": {
        "learnosity/learnosity-sdk-php": 20
    },
    "prefer-stable": false,
    "prefer-lowest": false,
    "platform": {
        "php": ">=5.3.0"
    },
    "platform-dev": []
}
